{
  "name": "API",
  "lockfileVersion": 2,
  "requires": true,
  "packages": {
    "": {
      "dependencies": {
        "cognito": "^0.0.1"
      }
    },
    "node_modules/cognito": {
      "version": "0.0.1",
      "resolved": "https://registry.npmjs.org/cognito/-/cognito-0.0.1.tgz",
      "integrity": "sha512-vWW3hca3rcCj/ZZeRUJwvp+ob21zPEiR5MK+OQX/11TbtEZ5ZZg3k/YYNI1OaGvAnJ3ZQB0y1nk/ExET8ooMsw=="
    }
  },
  "dependencies": {
    "cognito": {
      "version": "0.0.1",
      "resolved": "https://registry.npmjs.org/cognito/-/cognito-0.0.1.tgz",
      "integrity": "sha512-vWW3hca3rcCj/ZZeRUJwvp+ob21zPEiR5MK+OQX/11TbtEZ5ZZg3k/YYNI1OaGvAnJ3ZQB0y1nk/ExET8ooMsw=="
    }
  }
}
